version = 1
revision = 1
requires-python = ">=3.12"

[[package]]
name = "jinja2"
version = "3.1.6"
source = { registry = "https://pypi.org/simple" }
dependencies = [
    { name = "markupsafe" },
]
sdist = { url = "https://files.pythonhosted.org/packages/df/bf/f7da0350254c0ed7c72f3e33cef02e048281fec7ecec5f032d4aac52226b/jinja2-3.1.6.tar.gz", hash = "sha256:0137fb05990d35f1275a587e9aee6d56da821fc83491a0fb838183be43f66d6d", size = 245115 }
wheels = [
    { url = "https://files.pythonhosted.org/packages/62/a1/3d680cbfd5f4b8f15abc1d571870c5fc3e594bb582bc3b64ea099db13e56/jinja2-3.1.6-py3-none-any.whl", hash = "sha256:85ece4451f492d0c13c5dd7c13a64681a86afae63a5f347908daf103ce6d2f67", size = 134899 },
]

[[package]]
name = "markupsafe"
version = "3.0.2"
source = { registry = "https://pypi.org/simple" }
sdist = { url = "https://files.pythonhosted.org/packages/b2/97/5d42485e71dfc078108a86d6de8fa46db44a1a9295e89c5d6d4a06e23a62/markupsafe-3.0.2.tar.gz", hash = "sha256:ee55d3edf80167e48ea11a923c7386f4669df67d7994554387f84e7d8b0a2bf0", size = 20537 }
wheels = [
    { url = "https://files.pythonhosted.org/packages/22/09/d1f21434c97fc42f09d290cbb6350d44eb12f09cc62c9476effdb33a18aa/MarkupSafe-3.0.2-cp312-cp312-macosx_10_13_universal2.whl", hash = "sha256:9778bd8ab0a994ebf6f84c2b949e65736d5575320a17ae8984a77fab08db94cf", size = 14274 },
    { url = "https://files.pythonhosted.org/packages/6b/b0/18f76bba336fa5aecf79d45dcd6c806c280ec44538b3c13671d49099fdd0/MarkupSafe-3.0.2-cp312-cp312-macosx_11_0_arm64.whl", hash = "sha256:846ade7b71e3536c4e56b386c2a47adf5741d2d8b94ec9dc3e92e5e1ee1e2225", size = 12348 },
    { url = "https://files.pythonhosted.org/packages/e0/25/dd5c0f6ac1311e9b40f4af06c78efde0f3b5cbf02502f8ef9501294c425b/MarkupSafe-3.0.2-cp312-cp312-manylinux_2_17_aarch64.manylinux2014_aarch64.whl", hash = "sha256:1c99d261bd2d5f6b59325c92c73df481e05e57f19837bdca8413b9eac4bd8028", size = 24149 },
    { url = "https://files.pythonhosted.org/packages/f3/f0/89e7aadfb3749d0f52234a0c8c7867877876e0a20b60e2188e9850794c17/MarkupSafe-3.0.2-cp312-cp312-manylinux_2_17_x86_64.manylinux2014_x86_64.whl", hash = "sha256:e17c96c14e19278594aa4841ec148115f9c7615a47382ecb6b82bd8fea3ab0c8", size = 23118 },
    { url = "https://files.pythonhosted.org/packages/d5/da/f2eeb64c723f5e3777bc081da884b414671982008c47dcc1873d81f625b6/MarkupSafe-3.0.2-cp312-cp312-manylinux_2_5_i686.manylinux1_i686.manylinux_2_17_i686.manylinux2014_i686.whl", hash = "sha256:88416bd1e65dcea10bc7569faacb2c20ce071dd1f87539ca2ab364bf6231393c", size = 22993 },
    { url = "https://files.pythonhosted.org/packages/da/0e/1f32af846df486dce7c227fe0f2398dc7e2e51d4a370508281f3c1c5cddc/MarkupSafe-3.0.2-cp312-cp312-musllinux_1_2_aarch64.whl", hash = "sha256:2181e67807fc2fa785d0592dc2d6206c019b9502410671cc905d132a92866557", size = 24178 },
    { url = "https://files.pythonhosted.org/packages/c4/f6/bb3ca0532de8086cbff5f06d137064c8410d10779c4c127e0e47d17c0b71/MarkupSafe-3.0.2-cp312-cp312-musllinux_1_2_i686.whl", hash = "sha256:52305740fe773d09cffb16f8ed0427942901f00adedac82ec8b67752f58a1b22", size = 23319 },
    { url = "https://files.pythonhosted.org/packages/a2/82/8be4c96ffee03c5b4a034e60a31294daf481e12c7c43ab8e34a1453ee48b/MarkupSafe-3.0.2-cp312-cp312-musllinux_1_2_x86_64.whl", hash = "sha256:ad10d3ded218f1039f11a75f8091880239651b52e9bb592ca27de44eed242a48", size = 23352 },
    { url = "https://files.pythonhosted.org/packages/51/ae/97827349d3fcffee7e184bdf7f41cd6b88d9919c80f0263ba7acd1bbcb18/MarkupSafe-3.0.2-cp312-cp312-win32.whl", hash = "sha256:0f4ca02bea9a23221c0182836703cbf8930c5e9454bacce27e767509fa286a30", size = 15097 },
    { url = "https://files.pythonhosted.org/packages/c1/80/a61f99dc3a936413c3ee4e1eecac96c0da5ed07ad56fd975f1a9da5bc630/MarkupSafe-3.0.2-cp312-cp312-win_amd64.whl", hash = "sha256:8e06879fc22a25ca47312fbe7c8264eb0b662f6db27cb2d3bbbc74b1df4b9b87", size = 15601 },
    { url = "https://files.pythonhosted.org/packages/83/0e/67eb10a7ecc77a0c2bbe2b0235765b98d164d81600746914bebada795e97/MarkupSafe-3.0.2-cp313-cp313-macosx_10_13_universal2.whl", hash = "sha256:ba9527cdd4c926ed0760bc301f6728ef34d841f405abf9d4f959c478421e4efd", size = 14274 },
    { url = "https://files.pythonhosted.org/packages/2b/6d/9409f3684d3335375d04e5f05744dfe7e9f120062c9857df4ab490a1031a/MarkupSafe-3.0.2-cp313-cp313-macosx_11_0_arm64.whl", hash = "sha256:f8b3d067f2e40fe93e1ccdd6b2e1d16c43140e76f02fb1319a05cf2b79d99430", size = 12352 },
    { url = "https://files.pythonhosted.org/packages/d2/f5/6eadfcd3885ea85fe2a7c128315cc1bb7241e1987443d78c8fe712d03091/MarkupSafe-3.0.2-cp313-cp313-manylinux_2_17_aarch64.manylinux2014_aarch64.whl", hash = "sha256:569511d3b58c8791ab4c2e1285575265991e6d8f8700c7be0e88f86cb0672094", size = 24122 },
    { url = "https://files.pythonhosted.org/packages/0c/91/96cf928db8236f1bfab6ce15ad070dfdd02ed88261c2afafd4b43575e9e9/MarkupSafe-3.0.2-cp313-cp313-manylinux_2_17_x86_64.manylinux2014_x86_64.whl", hash = "sha256:15ab75ef81add55874e7ab7055e9c397312385bd9ced94920f2802310c930396", size = 23085 },
    { url = "https://files.pythonhosted.org/packages/c2/cf/c9d56af24d56ea04daae7ac0940232d31d5a8354f2b457c6d856b2057d69/MarkupSafe-3.0.2-cp313-cp313-manylinux_2_5_i686.manylinux1_i686.manylinux_2_17_i686.manylinux2014_i686.whl", hash = "sha256:f3818cb119498c0678015754eba762e0d61e5b52d34c8b13d770f0719f7b1d79", size = 22978 },
    { url = "https://files.pythonhosted.org/packages/2a/9f/8619835cd6a711d6272d62abb78c033bda638fdc54c4e7f4272cf1c0962b/MarkupSafe-3.0.2-cp313-cp313-musllinux_1_2_aarch64.whl", hash = "sha256:cdb82a876c47801bb54a690c5ae105a46b392ac6099881cdfb9f6e95e4014c6a", size = 24208 },
    { url = "https://files.pythonhosted.org/packages/f9/bf/176950a1792b2cd2102b8ffeb5133e1ed984547b75db47c25a67d3359f77/MarkupSafe-3.0.2-cp313-cp313-musllinux_1_2_i686.whl", hash = "sha256:cabc348d87e913db6ab4aa100f01b08f481097838bdddf7c7a84b7575b7309ca", size = 23357 },
    { url = "https://files.pythonhosted.org/packages/ce/4f/9a02c1d335caabe5c4efb90e1b6e8ee944aa245c1aaaab8e8a618987d816/MarkupSafe-3.0.2-cp313-cp313-musllinux_1_2_x86_64.whl", hash = "sha256:444dcda765c8a838eaae23112db52f1efaf750daddb2d9ca300bcae1039adc5c", size = 23344 },
    { url = "https://files.pythonhosted.org/packages/ee/55/c271b57db36f748f0e04a759ace9f8f759ccf22b4960c270c78a394f58be/MarkupSafe-3.0.2-cp313-cp313-win32.whl", hash = "sha256:bcf3e58998965654fdaff38e58584d8937aa3096ab5354d493c77d1fdd66d7a1", size = 15101 },
    { url = "https://files.pythonhosted.org/packages/29/88/07df22d2dd4df40aba9f3e402e6dc1b8ee86297dddbad4872bd5e7b0094f/MarkupSafe-3.0.2-cp313-cp313-win_amd64.whl", hash = "sha256:e6a2a455bd412959b57a172ce6328d2dd1f01cb2135efda2e4576e8a23fa3b0f", size = 15603 },
    { url = "https://files.pythonhosted.org/packages/62/6a/8b89d24db2d32d433dffcd6a8779159da109842434f1dd2f6e71f32f738c/MarkupSafe-3.0.2-cp313-cp313t-macosx_10_13_universal2.whl", hash = "sha256:b5a6b3ada725cea8a5e634536b1b01c30bcdcd7f9c6fff4151548d5bf6b3a36c", size = 14510 },
    { url = "https://files.pythonhosted.org/packages/7a/06/a10f955f70a2e5a9bf78d11a161029d278eeacbd35ef806c3fd17b13060d/MarkupSafe-3.0.2-cp313-cp313t-macosx_11_0_arm64.whl", hash = "sha256:a904af0a6162c73e3edcb969eeeb53a63ceeb5d8cf642fade7d39e7963a22ddb", size = 12486 },
    { url = "https://files.pythonhosted.org/packages/34/cf/65d4a571869a1a9078198ca28f39fba5fbb910f952f9dbc5220afff9f5e6/MarkupSafe-3.0.2-cp313-cp313t-manylinux_2_17_aarch64.manylinux2014_aarch64.whl", hash = "sha256:4aa4e5faecf353ed117801a068ebab7b7e09ffb6e1d5e412dc852e0da018126c", size = 25480 },
    { url = "https://files.pythonhosted.org/packages/0c/e3/90e9651924c430b885468b56b3d597cabf6d72be4b24a0acd1fa0e12af67/MarkupSafe-3.0.2-cp313-cp313t-manylinux_2_17_x86_64.manylinux2014_x86_64.whl", hash = "sha256:c0ef13eaeee5b615fb07c9a7dadb38eac06a0608b41570d8ade51c56539e509d", size = 23914 },
    { url = "https://files.pythonhosted.org/packages/66/8c/6c7cf61f95d63bb866db39085150df1f2a5bd3335298f14a66b48e92659c/MarkupSafe-3.0.2-cp313-cp313t-manylinux_2_5_i686.manylinux1_i686.manylinux_2_17_i686.manylinux2014_i686.whl", hash = "sha256:d16a81a06776313e817c951135cf7340a3e91e8c1ff2fac444cfd75fffa04afe", size = 23796 },
    { url = "https://files.pythonhosted.org/packages/bb/35/cbe9238ec3f47ac9a7c8b3df7a808e7cb50fe149dc7039f5f454b3fba218/MarkupSafe-3.0.2-cp313-cp313t-musllinux_1_2_aarch64.whl", hash = "sha256:6381026f158fdb7c72a168278597a5e3a5222e83ea18f543112b2662a9b699c5", size = 25473 },
    { url = "https://files.pythonhosted.org/packages/e6/32/7621a4382488aa283cc05e8984a9c219abad3bca087be9ec77e89939ded9/MarkupSafe-3.0.2-cp313-cp313t-musllinux_1_2_i686.whl", hash = "sha256:3d79d162e7be8f996986c064d1c7c817f6df3a77fe3d6859f6f9e7be4b8c213a", size = 24114 },
    { url = "https://files.pythonhosted.org/packages/0d/80/0985960e4b89922cb5a0bac0ed39c5b96cbc1a536a99f30e8c220a996ed9/MarkupSafe-3.0.2-cp313-cp313t-musllinux_1_2_x86_64.whl", hash = "sha256:131a3c7689c85f5ad20f9f6fb1b866f402c445b220c19fe4308c0b147ccd2ad9", size = 24098 },
    { url = "https://files.pythonhosted.org/packages/82/78/fedb03c7d5380df2427038ec8d973587e90561b2d90cd472ce9254cf348b/MarkupSafe-3.0.2-cp313-cp313t-win32.whl", hash = "sha256:ba8062ed2cf21c07a9e295d5b8a2a5ce678b913b45fdf68c32d95d6c1291e0b6", size = 15208 },
    { url = "https://files.pythonhosted.org/packages/4f/65/6079a46068dfceaeabb5dcad6d674f5f5c61a6fa5673746f42a9f4c233b3/MarkupSafe-3.0.2-cp313-cp313t-win_amd64.whl", hash = "sha256:e444a31f8db13eb18ada366ab3cf45fd4b31e4db1236a4448f68778c1d1a5a2f", size = 15739 },
]

[[package]]
name = "pyqt6"
version = "6.9.0"
source = { registry = "https://pypi.org/simple" }
dependencies = [
    { name = "pyqt6-qt6" },
    { name = "pyqt6-sip" },
]
sdist = { url = "https://files.pythonhosted.org/packages/32/de/102e8e66149085acf38bbf01df572a2cd53259bcd99b7d8ecef0d6b36172/pyqt6-6.9.0.tar.gz", hash = "sha256:6a8ff8e3cd18311bb7d937f7d741e787040ae7ff47ce751c28a94c5cddc1b4e6", size = 1066831 }
wheels = [
    { url = "https://files.pythonhosted.org/packages/97/e5/f9e2b5326d6103bce4894a969be54ce3be4b0a7a6ff848228e6a61a9993f/PyQt6-6.9.0-cp39-abi3-macosx_10_14_universal2.whl", hash = "sha256:5344240747e81bde1a4e0e98d4e6e2d96ad56a985d8f36b69cd529c1ca9ff760", size = 12257215 },
    { url = "https://files.pythonhosted.org/packages/ed/3a/bcc7687c5a11079bbd1606a015514562f2ac8cb01c5e3e4a3b30fcbdad36/PyQt6-6.9.0-cp39-abi3-manylinux_2_28_x86_64.whl", hash = "sha256:e344868228c71fc89a0edeb325497df4ff731a89cfa5fe57a9a4e9baecc9512b", size = 8259731 },
    { url = "https://files.pythonhosted.org/packages/e1/47/13ab0b916b5bad07ab04767b412043f5c1ca206bf38a906b1d8d5c520a98/PyQt6-6.9.0-cp39-abi3-manylinux_2_39_aarch64.whl", hash = "sha256:1cbc5a282454cf19691be09eadbde019783f1ae0523e269b211b0173b67373f6", size = 8207593 },
    { url = "https://files.pythonhosted.org/packages/d1/a8/955cfd880f2725a218ee7b272c005658e857e9224823d49c32c93517f6d9/PyQt6-6.9.0-cp39-abi3-win_amd64.whl", hash = "sha256:d36482000f0cd7ce84a35863766f88a5e671233d5f1024656b600cd8915b3752", size = 6748279 },
    { url = "https://files.pythonhosted.org/packages/9f/38/586ce139b1673a27607f7b85c594878e1bba215abdca3de67732b463f7b2/PyQt6-6.9.0-cp39-abi3-win_arm64.whl", hash = "sha256:0c8b7251608e05b479cfe731f95857e853067459f7cbbcfe90f89de1bcf04280", size = 5478122 },
]

[[package]]
name = "pyqt6-qt6"
version = "6.9.0"
source = { registry = "https://pypi.org/simple" }
wheels = [
    { url = "https://files.pythonhosted.org/packages/e2/11/8c450442bf4702ed810689a045f9c5d9236d709163886f09374fd8d84143/PyQt6_Qt6-6.9.0-py3-none-macosx_10_14_x86_64.whl", hash = "sha256:b1c4e4a78f0f22fbf88556e3d07c99e5ce93032feae5c1e575958d914612e0f9", size = 66804297 },
    { url = "https://files.pythonhosted.org/packages/6e/be/191ba4402c24646f6b98c326ff0ee22e820096c69e67ba5860a687057616/PyQt6_Qt6-6.9.0-py3-none-macosx_11_0_arm64.whl", hash = "sha256:6d3875119dec6bf5f799facea362aa0ad39bb23aa9654112faa92477abccb5ff", size = 60943708 },
    { url = "https://files.pythonhosted.org/packages/0f/70/ec018b6e979b3914c984e5ab7e130918930d5423735ac96c70c328227b9b/PyQt6_Qt6-6.9.0-py3-none-manylinux_2_28_x86_64.whl", hash = "sha256:9c0e603c934e4f130c110190fbf2c482ff1221a58317266570678bc02db6b152", size = 81846956 },
    { url = "https://files.pythonhosted.org/packages/ac/ed/2d78cd08be415a21dac2e7277967b90b0c05afc4782100f0a037447bb1c6/PyQt6_Qt6-6.9.0-py3-none-manylinux_2_39_aarch64.whl", hash = "sha256:cf840e8ae20a0704e0343810cf0e485552db28bf09ea976e58ec0e9b7bb27fcd", size = 80295982 },
    { url = "https://files.pythonhosted.org/packages/6e/24/6b6168a75c7b6a55b9f6b5c897e6164ec15e94594af11a6f358c49845442/PyQt6_Qt6-6.9.0-py3-none-win_amd64.whl", hash = "sha256:c825a6f5a9875ef04ef6681eda16aa3a9e9ad71847aa78dfafcf388c8007aa0a", size = 73652485 },
    { url = "https://files.pythonhosted.org/packages/44/fd/1238931df039e46e128d53974c0cfc9d34da3d54c5662bd589fe7b0a67c2/PyQt6_Qt6-6.9.0-py3-none-win_arm64.whl", hash = "sha256:1188f118d1c570d27fba39707e3d8a48525f979816e73de0da55b9e6fa9ad0a1", size = 49568913 },
]

[[package]]
name = "pyqt6-sip"
version = "13.10.0"
source = { registry = "https://pypi.org/simple" }
sdist = { url = "https://files.pythonhosted.org/packages/90/18/0405c54acba0c8e276dd6f0601890e6e735198218d031a6646104870fe22/pyqt6_sip-13.10.0.tar.gz", hash = "sha256:d6daa95a0bd315d9ec523b549e0ce97455f61ded65d5eafecd83ed2aa4ae5350", size = 92464 }
wheels = [
    { url = "https://files.pythonhosted.org/packages/69/81/66d9bdacb790592a0641378749a047f12e3b254cdc2cb51f7ed636cf01d2/PyQt6_sip-13.10.0-cp312-cp312-macosx_10_9_universal2.whl", hash = "sha256:48791db2914fc39c3218519a02d2a5fd3fcd354a1be3141a57bf2880701486f2", size = 112334 },
    { url = "https://files.pythonhosted.org/packages/26/2c/4796c209009a018e0d4a5c406d5a519234c5a378f370dc679d0ad5f455b2/PyQt6_sip-13.10.0-cp312-cp312-manylinux_2_17_aarch64.manylinux2014_aarch64.whl", hash = "sha256:466d6b4791973c9fcbdc2e0087ed194b9ea802a8c3948867a849498f0841c70c", size = 322334 },
    { url = "https://files.pythonhosted.org/packages/99/34/2ec54bd475f0a811df1d32be485f2344cf9e8b388ce7adb26b46ce5552d4/PyQt6_sip-13.10.0-cp312-cp312-manylinux_2_5_x86_64.manylinux1_x86_64.whl", hash = "sha256:ae15358941f127cd3d1ab09c1ebd45c4dabb0b2e91587b9eebde0279d0039c54", size = 303798 },
    { url = "https://files.pythonhosted.org/packages/0c/e4/82099bb4ab8bc152b5718541e93c0b3adf7566c0f307c9e58e2368b8c517/PyQt6_sip-13.10.0-cp312-cp312-win_amd64.whl", hash = "sha256:ad573184fa8b00041944e5a17d150ab0d08db2d2189e39c9373574ebab3f2e58", size = 53569 },
    { url = "https://files.pythonhosted.org/packages/e3/09/90e0378887a3cb9664da77061229cf8e97e6ec25a5611b7dbc9cc3e02c78/PyQt6_sip-13.10.0-cp312-cp312-win_arm64.whl", hash = "sha256:2d579d810d0047d40bde9c6aef281d6ed218db93c9496ebc9e55b9e6f27a229d", size = 45430 },
    { url = "https://files.pythonhosted.org/packages/6b/0c/8d1de48b45b565a46bf4757341f13f9b1853a7d2e6b023700f0af2c213ab/PyQt6_sip-13.10.0-cp313-cp313-macosx_10_13_universal2.whl", hash = "sha256:7b6e250c2e7c14702a623f2cc1479d7fb8db2b6eee9697cac10d06fe79c281bb", size = 112343 },
    { url = "https://files.pythonhosted.org/packages/af/13/e2cc2b667a9f5d44c2d0e18fa6e1066fca3f4521dcb301f4b5374caeb33e/PyQt6_sip-13.10.0-cp313-cp313-manylinux_2_17_aarch64.manylinux2014_aarch64.whl", hash = "sha256:0fcb30756568f8cd59290f9ef2ae5ee3e72ff9cdd61a6f80c9e3d3b95ae676be", size = 322527 },
    { url = "https://files.pythonhosted.org/packages/20/1a/5c6fcae85edb65cf236c9dc6d23b279b5316e94cdca1abdee6d0a217ddbb/PyQt6_sip-13.10.0-cp313-cp313-manylinux_2_5_x86_64.manylinux1_x86_64.whl", hash = "sha256:757ac52c92b2ef0b56ecc7cd763b55a62d3c14271d7ea8d03315af85a70090ff", size = 303407 },
    { url = "https://files.pythonhosted.org/packages/b9/db/6924ec985be7d746772806b96ab81d24263ef72f0249f0573a82adaed75e/PyQt6_sip-13.10.0-cp313-cp313-win_amd64.whl", hash = "sha256:571900c44a3e38738d696234d94fe2043972b9de0633505451c99e2922cb6a34", size = 53580 },
    { url = "https://files.pythonhosted.org/packages/77/c3/9e44729b582ee7f1d45160e8c292723156889f3e38ce6574f88d5ab8fa02/PyQt6_sip-13.10.0-cp313-cp313-win_arm64.whl", hash = "sha256:39cba2cc71cf80a99b4dc8147b43508d4716e128f9fb99f5eb5860a37f082282", size = 45446 },
]

[[package]]
name = "pyside6"
version = "6.9.0"
source = { registry = "https://pypi.org/simple" }
dependencies = [
    { name = "pyside6-addons" },
    { name = "pyside6-essentials" },
    { name = "shiboken6" },
]
wheels = [
    { url = "https://files.pythonhosted.org/packages/46/74/0b465aa77644cfc3bfde912bb999b5a441d92c699272cab722335e92df3e/PySide6-6.9.0-cp39-abi3-macosx_12_0_universal2.whl", hash = "sha256:b8f286a1bd143f3b2bdf08367b9362b13f469d26986c25700af9c4c68f79213e", size = 558001 },
    { url = "https://files.pythonhosted.org/packages/91/53/ce78d2c279a4ed7d4baf5089a5ebff45d675670a42daa5e0f8dbb9ced6ed/PySide6-6.9.0-cp39-abi3-manylinux_2_28_x86_64.whl", hash = "sha256:09239d1b808f18efccd3803db874d683917efcdebfdf0e8dec449cf50e74e7aa", size = 558139 },
    { url = "https://files.pythonhosted.org/packages/4b/54/41d6ab0847c043f1fd96433a87ffd09a7cf17e11f5587e91e152777ec010/PySide6-6.9.0-cp39-abi3-manylinux_2_39_aarch64.whl", hash = "sha256:1a176409dd0dd12b72d2c78b776e5051f569071ec52b7aaadd0a5b3333493c24", size = 558139 },
    { url = "https://files.pythonhosted.org/packages/63/03/55a632191beadd6bc59b04055961e2c3224a3475a906a63d1899a5ab493d/PySide6-6.9.0-cp39-abi3-win_amd64.whl", hash = "sha256:0103e5d161696db40d75bfbf4e4b7d4f3372903c1b400c4e3379377b62c50290", size = 564479 },
    { url = "https://files.pythonhosted.org/packages/e8/80/340523ecb17d2a168d7e37dfd8a7a0eebb81dcbec4870447f132f2a1a28e/PySide6-6.9.0-cp39-abi3-win_arm64.whl", hash = "sha256:846fbccf0b3501eb31cf0791a46e137615efba6ce540da2b426d79fa3e7762c4", size = 401752 },
]

[[package]]
name = "pyside6-addons"
version = "6.9.0"
source = { registry = "https://pypi.org/simple" }
dependencies = [
    { name = "pyside6-essentials" },
    { name = "shiboken6" },
]
wheels = [
    { url = "https://files.pythonhosted.org/packages/e8/a4/211077b3f30342827b2c543f80a5f6bc483ff3af6be99766984618e68fb6/PySide6_Addons-6.9.0-cp39-abi3-macosx_12_0_universal2.whl", hash = "sha256:98f9ad4b65820736e12d49c18db2e570eac63727407fbb59a62ac753e89dc201", size = 315606763 },
    { url = "https://files.pythonhosted.org/packages/58/c1/21224090a7ee7e9ce5699e5bf16b84d576b7587f0712ccb6862a8b28476c/PySide6_Addons-6.9.0-cp39-abi3-manylinux_2_28_x86_64.whl", hash = "sha256:fc9dcd63a0ce7565f238cb11c44494435a50eb6cb72b8dbce3b709618989c3dc", size = 166252767 },
    { url = "https://files.pythonhosted.org/packages/85/c3/add4948cf15648db542531a5c292f9de946ee288243730be7607499936ec/PySide6_Addons-6.9.0-cp39-abi3-manylinux_2_39_aarch64.whl", hash = "sha256:d8a650644e0b9d1e7a092f6bcd11f25a63706d12f77d442b6ace75d346ab5d30", size = 161938789 },
    { url = "https://files.pythonhosted.org/packages/77/c0/b1718f62d1fcc9bac4c410d4150d7e1214235e73cc18f39dc36ad49f093f/PySide6_Addons-6.9.0-cp39-abi3-win_amd64.whl", hash = "sha256:8cf54065b3d1b4698448fad825378a25c10ef52017d9dff48cead03200636d8d", size = 142994491 },
    { url = "https://files.pythonhosted.org/packages/29/aa/810ceb3d111fa6a0cc865520e05198dd0cad4855558c8c8309d4d3852854/PySide6_Addons-6.9.0-cp39-abi3-win_arm64.whl", hash = "sha256:260a56da59539f476c1635a3ff13591e10f1b04d92155c0617129bc53ca8b5f8", size = 26840861 },
]

[[package]]
name = "pyside6-essentials"
version = "6.9.0"
source = { registry = "https://pypi.org/simple" }
dependencies = [
    { name = "shiboken6" },
]
wheels = [
    { url = "https://files.pythonhosted.org/packages/98/ac/a3c8097d6fdcf414d961bdc0d532381d0ee141e4c699f5e2b881a7c3613f/PySide6_Essentials-6.9.0-cp39-abi3-macosx_12_0_universal2.whl", hash = "sha256:b18e3e01b507e8a57481fe19792eb373d5f10a23a50702ce540da1435e722f39", size = 131981893 },
    { url = "https://files.pythonhosted.org/packages/9e/fd/46b713827007162de9108b22d01702868e75f31585da7eca5a79e3435590/PySide6_Essentials-6.9.0-cp39-abi3-manylinux_2_28_x86_64.whl", hash = "sha256:45eaf7f17688d1991f39680dbfd3c41674f3cbb78f278aa10fe0b5f2f31c1989", size = 94232483 },
    { url = "https://files.pythonhosted.org/packages/ff/f1/72e1d400017a658e271594c8bd9c447c623dfd4fb936f4e043a4f9a8c93b/PySide6_Essentials-6.9.0-cp39-abi3-manylinux_2_39_aarch64.whl", hash = "sha256:69aedfad77119c5bec0005ca31d5620e9bac8ba5ae66c7389160530cfd698ed8", size = 92102516 },
    { url = "https://files.pythonhosted.org/packages/96/8a/bc710350c4cf6894968e39970eaa613b85a82eb1f230052de597e44a00ac/PySide6_Essentials-6.9.0-cp39-abi3-win_amd64.whl", hash = "sha256:94a0096d6bb1d3e5cef29ca4a5366d0f229d42480fbb17aa25ad85d72b1b7947", size = 72336994 },
    { url = "https://files.pythonhosted.org/packages/49/a4/703e379a0979985f681cf04b9af4129f5dde20141b3cc64fc2a39d006614/PySide6_Essentials-6.9.0-cp39-abi3-win_arm64.whl", hash = "sha256:d2dc45536f2269ad111991042e81257124f1cd1c9ed5ea778d7224fd65dc9e2b", size = 49449220 },
]

[[package]]
name = "qt-material"
version = "2.14"
source = { virtual = "." }
dependencies = [
    { name = "jinja2" },
]

[package.optional-dependencies]
pyqt = [
    { name = "pyqt6" },
]
pyside = [
    { name = "pyside6" },
]

[package.dev-dependencies]
dev = [
    { name = "ruff" },
]

[package.metadata]
requires-dist = [
    { name = "jinja2", specifier = ">=3.1.6" },
    { name = "pyqt6", marker = "extra == 'pyqt'", specifier = ">=6.9.0" },
    { name = "pyside6", marker = "extra == 'pyside'", specifier = ">=6.9.0" },
]
provides-extras = ["pyqt", "pyside"]

[package.metadata.requires-dev]
dev = [{ name = "ruff", specifier = ">=0.11.6" }]

[[package]]
name = "ruff"
version = "0.11.6"
source = { registry = "https://pypi.org/simple" }
sdist = { url = "https://files.pythonhosted.org/packages/d9/11/bcef6784c7e5d200b8a1f5c2ddf53e5da0efec37e6e5a44d163fb97e04ba/ruff-0.11.6.tar.gz", hash = "sha256:bec8bcc3ac228a45ccc811e45f7eb61b950dbf4cf31a67fa89352574b01c7d79", size = 4010053 }
wheels = [
    { url = "https://files.pythonhosted.org/packages/6e/1f/8848b625100ebcc8740c8bac5b5dd8ba97dd4ee210970e98832092c1635b/ruff-0.11.6-py3-none-linux_armv6l.whl", hash = "sha256:d84dcbe74cf9356d1bdb4a78cf74fd47c740bf7bdeb7529068f69b08272239a1", size = 10248105 },
    { url = "https://files.pythonhosted.org/packages/e0/47/c44036e70c6cc11e6ee24399c2a1e1f1e99be5152bd7dff0190e4b325b76/ruff-0.11.6-py3-none-macosx_10_12_x86_64.whl", hash = "sha256:9bc583628e1096148011a5d51ff3c836f51899e61112e03e5f2b1573a9b726de", size = 11001494 },
    { url = "https://files.pythonhosted.org/packages/ed/5b/170444061650202d84d316e8f112de02d092bff71fafe060d3542f5bc5df/ruff-0.11.6-py3-none-macosx_11_0_arm64.whl", hash = "sha256:f2959049faeb5ba5e3b378709e9d1bf0cab06528b306b9dd6ebd2a312127964a", size = 10352151 },
    { url = "https://files.pythonhosted.org/packages/ff/91/f02839fb3787c678e112c8865f2c3e87cfe1744dcc96ff9fc56cfb97dda2/ruff-0.11.6-py3-none-manylinux_2_17_aarch64.manylinux2014_aarch64.whl", hash = "sha256:63c5d4e30d9d0de7fedbfb3e9e20d134b73a30c1e74b596f40f0629d5c28a193", size = 10541951 },
    { url = "https://files.pythonhosted.org/packages/9e/f3/c09933306096ff7a08abede3cc2534d6fcf5529ccd26504c16bf363989b5/ruff-0.11.6-py3-none-manylinux_2_17_armv7l.manylinux2014_armv7l.whl", hash = "sha256:26a4b9a4e1439f7d0a091c6763a100cef8fbdc10d68593df6f3cfa5abdd9246e", size = 10079195 },
    { url = "https://files.pythonhosted.org/packages/e0/0d/a87f8933fccbc0d8c653cfbf44bedda69c9582ba09210a309c066794e2ee/ruff-0.11.6-py3-none-manylinux_2_17_i686.manylinux2014_i686.whl", hash = "sha256:b5edf270223dd622218256569636dc3e708c2cb989242262fe378609eccf1308", size = 11698918 },
    { url = "https://files.pythonhosted.org/packages/52/7d/8eac0bd083ea8a0b55b7e4628428203441ca68cd55e0b67c135a4bc6e309/ruff-0.11.6-py3-none-manylinux_2_17_ppc64.manylinux2014_ppc64.whl", hash = "sha256:f55844e818206a9dd31ff27f91385afb538067e2dc0beb05f82c293ab84f7d55", size = 12319426 },
    { url = "https://files.pythonhosted.org/packages/c2/dc/d0c17d875662d0c86fadcf4ca014ab2001f867621b793d5d7eef01b9dcce/ruff-0.11.6-py3-none-manylinux_2_17_ppc64le.manylinux2014_ppc64le.whl", hash = "sha256:1d8f782286c5ff562e4e00344f954b9320026d8e3fae2ba9e6948443fafd9ffc", size = 11791012 },
    { url = "https://files.pythonhosted.org/packages/f9/f3/81a1aea17f1065449a72509fc7ccc3659cf93148b136ff2a8291c4bc3ef1/ruff-0.11.6-py3-none-manylinux_2_17_s390x.manylinux2014_s390x.whl", hash = "sha256:01c63ba219514271cee955cd0adc26a4083df1956d57847978383b0e50ffd7d2", size = 13949947 },
    { url = "https://files.pythonhosted.org/packages/61/9f/a3e34de425a668284e7024ee6fd41f452f6fa9d817f1f3495b46e5e3a407/ruff-0.11.6-py3-none-manylinux_2_17_x86_64.manylinux2014_x86_64.whl", hash = "sha256:15adac20ef2ca296dd3d8e2bedc6202ea6de81c091a74661c3666e5c4c223ff6", size = 11471753 },
    { url = "https://files.pythonhosted.org/packages/df/c5/4a57a86d12542c0f6e2744f262257b2aa5a3783098ec14e40f3e4b3a354a/ruff-0.11.6-py3-none-musllinux_1_2_aarch64.whl", hash = "sha256:4dd6b09e98144ad7aec026f5588e493c65057d1b387dd937d7787baa531d9bc2", size = 10417121 },
    { url = "https://files.pythonhosted.org/packages/58/3f/a3b4346dff07ef5b862e2ba06d98fcbf71f66f04cf01d375e871382b5e4b/ruff-0.11.6-py3-none-musllinux_1_2_armv7l.whl", hash = "sha256:45b2e1d6c0eed89c248d024ea95074d0e09988d8e7b1dad8d3ab9a67017a5b03", size = 10073829 },
    { url = "https://files.pythonhosted.org/packages/93/cc/7ed02e0b86a649216b845b3ac66ed55d8aa86f5898c5f1691797f408fcb9/ruff-0.11.6-py3-none-musllinux_1_2_i686.whl", hash = "sha256:bd40de4115b2ec4850302f1a1d8067f42e70b4990b68838ccb9ccd9f110c5e8b", size = 11076108 },
    { url = "https://files.pythonhosted.org/packages/39/5e/5b09840fef0eff1a6fa1dea6296c07d09c17cb6fb94ed5593aa591b50460/ruff-0.11.6-py3-none-musllinux_1_2_x86_64.whl", hash = "sha256:77cda2dfbac1ab73aef5e514c4cbfc4ec1fbef4b84a44c736cc26f61b3814cd9", size = 11512366 },
    { url = "https://files.pythonhosted.org/packages/6f/4c/1cd5a84a412d3626335ae69f5f9de2bb554eea0faf46deb1f0cb48534042/ruff-0.11.6-py3-none-win32.whl", hash = "sha256:5151a871554be3036cd6e51d0ec6eef56334d74dfe1702de717a995ee3d5b287", size = 10485900 },
    { url = "https://files.pythonhosted.org/packages/42/46/8997872bc44d43df986491c18d4418f1caff03bc47b7f381261d62c23442/ruff-0.11.6-py3-none-win_amd64.whl", hash = "sha256:cce85721d09c51f3b782c331b0abd07e9d7d5f775840379c640606d3159cae0e", size = 11558592 },
    { url = "https://files.pythonhosted.org/packages/d7/6a/65fecd51a9ca19e1477c3879a7fda24f8904174d1275b419422ac00f6eee/ruff-0.11.6-py3-none-win_arm64.whl", hash = "sha256:3567ba0d07fb170b1b48d944715e3294b77f5b7679e8ba258199a250383ccb79", size = 10682766 },
]

[[package]]
name = "shiboken6"
version = "6.9.0"
source = { registry = "https://pypi.org/simple" }
wheels = [
    { url = "https://files.pythonhosted.org/packages/be/85/97b36b045a233bcea9580e8c99d5c76d65cf9727dad8cb173527f6717471/shiboken6-6.9.0-cp39-abi3-macosx_12_0_universal2.whl", hash = "sha256:c4d8e3a5907154ac4789e52c77957db95bcf584238c244d7743cb39e9b66dd26", size = 407067 },
    { url = "https://files.pythonhosted.org/packages/45/d3/f6ddef22d4f2ac11c079157ad3714d9b1fb9324d9cd3b200f824923fe2ba/shiboken6-6.9.0-cp39-abi3-manylinux_2_28_x86_64.whl", hash = "sha256:3f585caae5b814a7e23308db0a077355a7dc20c34d58ca4c339ff7625e9a1936", size = 206509 },
    { url = "https://files.pythonhosted.org/packages/0d/59/6a91aad272fe89bf2293b7864fb6e926822c93a2f6192611528c6945196d/shiboken6-6.9.0-cp39-abi3-manylinux_2_39_aarch64.whl", hash = "sha256:b61579b90bf9c53ecc174085a69429166dfe57a0b8b894f933d1281af9df6568", size = 202809 },
    { url = "https://files.pythonhosted.org/packages/e2/6e/cf00d723ab141132fb6d35ba8faf109cbc0ee83412016343600abb423149/shiboken6-6.9.0-cp39-abi3-win_amd64.whl", hash = "sha256:121ea290ed1afa5ad6abf690b377612693436292b69c61b0f8e10b1f0850f935", size = 1153132 },
    { url = "https://files.pythonhosted.org/packages/b5/01/d59babab05786c99ebabdd152864ea3d4c500160979952c620eec68b1ff2/shiboken6-6.9.0-cp39-abi3-win_arm64.whl", hash = "sha256:24f53857458881b54798d7e35704611d07f6b6885bcdf80f13a4c8bb485b8df2", size = 1831261 },
]
